
Microsoft Visual Studio Solution File, Format Version 12.00
# Visual Studio Version 17
VisualStudioVersion = 17.5.001.0
MinimumVisualStudioVersion = 10.0.40219.1
Project("{9A19103F-16F7-4668-BE54-9A1E7A4F7556}") = "documents_handler", "documents_handler.csproj", "{EC36DF12-43C9-4B09-B63D-68A9E8473792}"
EndProject
Global
	GlobalSection(SolutionConfigurationPlatforms) = preSolution
		Debug|Any CPU = Debug|Any CPU
		Release|Any CPU = Release|Any CPU
	EndGlobalSection
	GlobalSection(ProjectConfigurationPlatforms) = postSolution
		{EC36DF12-43C9-4B09-B63D-68A9E8473792}.Debug|Any CPU.ActiveCfg = Debug|Any CPU
		{EC36DF12-43C9-4B09-B63D-68A9E8473792}.Debug|Any CPU.Build.0 = Debug|Any CPU
		{EC36DF12-43C9-4B09-B63D-68A9E8473792}.Release|Any CPU.ActiveCfg = Release|Any CPU
		{EC36DF12-43C9-4B09-B63D-68A9E8473792}.Release|Any CPU.Build.0 = Release|Any CPU
	EndGlobalSection
	GlobalSection(SolutionProperties) = preSolution
		HideSolutionNode = FALSE
	EndGlobalSection
	GlobalSection(ExtensibilityGlobals) = postSolution
		SolutionGuid = {C2C2CD6C-A109-406F-BA7D-922237A460C3}
	EndGlobalSection
EndGlobal
